// !$*UTF8*$!
{
	archiveVersion = 1;
	classes = {
	};
	objectVersion = 56;
	objects = {

/* Begin PBXBuildFile section */
		B322B2472AA31AEC00B66DC9 /* MainViewViewModel.swift in Sources */ = {isa = PBXBuildFile; fileRef = B322B2462AA31AEC00B66DC9 /* MainViewViewModel.swift */; };
		B322B2492AA31B5B00B66DC9 /* CourseView.swift in Sources */ = {isa = PBXBuildFile; fileRef = B322B2482AA31B5B00B66DC9 /* CourseView.swift */; };
		B322B24B2AA31BFB00B66DC9 /* CourseViewViewModel.swift in Sources */ = {isa = PBXBuildFile; fileRef = B322B24A2AA31BFB00B66DC9 /* CourseViewViewModel.swift */; };
		B322B24D2AA320E100B66DC9 /* LogoutViewModel.swift in Sources */ = {isa = PBXBuildFile; fileRef = B322B24C2AA320E100B66DC9 /* LogoutViewModel.swift */; };
		B3F8CB672AA2E75D00170FBA /* simpleLoginHackathonApp.swift in Sources */ = {isa = PBXBuildFile; fileRef = B3F8CB662AA2E75D00170FBA /* simpleLoginHackathonApp.swift */; };
		B3F8CB692AA2E75D00170FBA /* MainView.swift in Sources */ = {isa = PBXBuildFile; fileRef = B3F8CB682AA2E75D00170FBA /* MainView.swift */; };
		B3F8CB6B2AA2E75F00170FBA /* Assets.xcassets in Resources */ = {isa = PBXBuildFile; fileRef = B3F8CB6A2AA2E75F00170FBA /* Assets.xcassets */; };
		B3F8CB6E2AA2E75F00170FBA /* Preview Assets.xcassets in Resources */ = {isa = PBXBuildFile; fileRef = B3F8CB6D2AA2E75F00170FBA /* Preview Assets.xcassets */; };
		B3F8CB782AA2E75F00170FBA /* simpleLoginHackathonTests.swift in Sources */ = {isa = PBXBuildFile; fileRef = B3F8CB772AA2E75F00170FBA /* simpleLoginHackathonTests.swift */; };
		B3F8CB822AA2E75F00170FBA /* simpleLoginHackathonUITests.swift in Sources */ = {isa = PBXBuildFile; fileRef = B3F8CB812AA2E75F00170FBA /* simpleLoginHackathonUITests.swift */; };
		B3F8CB842AA2E75F00170FBA /* simpleLoginHackathonUITestsLaunchTests.swift in Sources */ = {isa = PBXBuildFile; fileRef = B3F8CB832AA2E75F00170FBA /* simpleLoginHackathonUITestsLaunchTests.swift */; };
		B3F8CB912AA2E92D00170FBA /* GoogleService-Info.plist in Resources */ = {isa = PBXBuildFile; fileRef = B3F8CB902AA2E92D00170FBA /* GoogleService-Info.plist */; };
		B3F8CB942AA2EAE100170FBA /* FirebaseAnalytics in Frameworks */ = {isa = PBXBuildFile; productRef = B3F8CB932AA2EAE100170FBA /* FirebaseAnalytics */; };
		B3F8CB962AA2EAE100170FBA /* FirebaseAuth in Frameworks */ = {isa = PBXBuildFile; productRef = B3F8CB952AA2EAE100170FBA /* FirebaseAuth */; };
		B3F8CB982AA2EAE100170FBA /* FirebaseDatabase in Frameworks */ = {isa = PBXBuildFile; productRef = B3F8CB972AA2EAE100170FBA /* FirebaseDatabase */; };
		B3F8CB9A2AA2EAE100170FBA /* FirebaseFirestore in Frameworks */ = {isa = PBXBuildFile; productRef = B3F8CB992AA2EAE100170FBA /* FirebaseFirestore */; };
		B3F8CB9C2AA2EAE100170FBA /* FirebaseFirestoreSwift in Frameworks */ = {isa = PBXBuildFile; productRef = B3F8CB9B2AA2EAE100170FBA /* FirebaseFirestoreSwift */; };
		B3F8CB9E2AA2ED7700170FBA /* LoginView.swift in Sources */ = {isa = PBXBuildFile; fileRef = B3F8CB9D2AA2ED7700170FBA /* LoginView.swift */; };
		B3F8CBA02AA2EDB400170FBA /* LoginViewViewModel.swift in Sources */ = {isa = PBXBuildFile; fileRef = B3F8CB9F2AA2EDB400170FBA /* LoginViewViewModel.swift */; };
		B3F8CBA22AA2EDE100170FBA /* HeaderView.swift in Sources */ = {isa = PBXBuildFile; fileRef = B3F8CBA12AA2EDE100170FBA /* HeaderView.swift */; };
		B3F8CBA42AA2EE0800170FBA /* TDLButton.swift in Sources */ = {isa = PBXBuildFile; fileRef = B3F8CBA32AA2EE0800170FBA /* TDLButton.swift */; };
		B3F8CBA62AA2EE3700170FBA /* RegisterView.swift in Sources */ = {isa = PBXBuildFile; fileRef = B3F8CBA52AA2EE3700170FBA /* RegisterView.swift */; };
		B3F8CBA82AA2EEAA00170FBA /* RegisterViewViewModel.swift in Sources */ = {isa = PBXBuildFile; fileRef = B3F8CBA72AA2EEAA00170FBA /* RegisterViewViewModel.swift */; };
		B3F8CBAA2AA2EF7600170FBA /* ExtensionForFireBase.swift in Sources */ = {isa = PBXBuildFile; fileRef = B3F8CBA92AA2EF7600170FBA /* ExtensionForFireBase.swift */; };
		B3F8CBAC2AA2EF9900170FBA /* User.swift in Sources */ = {isa = PBXBuildFile; fileRef = B3F8CBAB2AA2EF9900170FBA /* User.swift */; };
/* End PBXBuildFile section */

/* Begin PBXContainerItemProxy section */
		B3F8CB742AA2E75F00170FBA /* PBXContainerItemProxy */ = {
			isa = PBXContainerItemProxy;
			containerPortal = B3F8CB5B2AA2E75D00170FBA /* Project object */;
			proxyType = 1;
			remoteGlobalIDString = B3F8CB622AA2E75D00170FBA;
			remoteInfo = simpleLoginHackathon;
		};
		B3F8CB7E2AA2E75F00170FBA /* PBXContainerItemProxy */ = {
			isa = PBXContainerItemProxy;
			containerPortal = B3F8CB5B2AA2E75D00170FBA /* Project object */;
			proxyType = 1;
			remoteGlobalIDString = B3F8CB622AA2E75D00170FBA;
			remoteInfo = simpleLoginHackathon;
		};
/* End PBXContainerItemProxy section */

/* Begin PBXFileReference section */
		B322B2462AA31AEC00B66DC9 /* MainViewViewModel.swift */ = {isa = PBXFileReference; lastKnownFileType = sourcecode.swift; path = MainViewViewModel.swift; sourceTree = "<group>"; };
		B322B2482AA31B5B00B66DC9 /* CourseView.swift */ = {isa = PBXFileReference; lastKnownFileType = sourcecode.swift; path = CourseView.swift; sourceTree = "<group>"; };
		B322B24A2AA31BFB00B66DC9 /* CourseViewViewModel.swift */ = {isa = PBXFileReference; lastKnownFileType = sourcecode.swift; path = CourseViewViewModel.swift; sourceTree = "<group>"; };
		B322B24C2AA320E100B66DC9 /* LogoutViewModel.swift */ = {isa = PBXFileReference; lastKnownFileType = sourcecode.swift; path = LogoutViewModel.swift; sourceTree = "<group>"; };
		B3F8CB632AA2E75D00170FBA /* simpleLoginHackathon.app */ = {isa = PBXFileReference; explicitFileType = wrapper.application; includeInIndex = 0; path = simpleLoginHackathon.app; sourceTree = BUILT_PRODUCTS_DIR; };
		B3F8CB662AA2E75D00170FBA /* simpleLoginHackathonApp.swift */ = {isa = PBXFileReference; lastKnownFileType = sourcecode.swift; path = simpleLoginHackathonApp.swift; sourceTree = "<group>"; };
		B3F8CB682AA2E75D00170FBA /* MainView.swift */ = {isa = PBXFileReference; lastKnownFileType = sourcecode.swift; path = MainView.swift; sourceTree = "<group>"; };
		B3F8CB6A2AA2E75F00170FBA /* Assets.xcassets */ = {isa = PBXFileReference; lastKnownFileType = folder.assetcatalog; path = Assets.xcassets; sourceTree = "<group>"; };
		B3F8CB6D2AA2E75F00170FBA /* Preview Assets.xcassets */ = {isa = PBXFileReference; lastKnownFileType = folder.assetcatalog; path = "Preview Assets.xcassets"; sourceTree = "<group>"; };
		B3F8CB732AA2E75F00170FBA /* simpleLoginHackathonTests.xctest */ = {isa = PBXFileReference; explicitFileType = wrapper.cfbundle; includeInIndex = 0; path = simpleLoginHackathonTests.xctest; sourceTree = BUILT_PRODUCTS_DIR; };
		B3F8CB772AA2E75F00170FBA /* simpleLoginHackathonTests.swift */ = {isa = PBXFileReference; lastKnownFileType = sourcecode.swift; path = simpleLoginHackathonTests.swift; sourceTree = "<group>"; };
		B3F8CB7D2AA2E75F00170FBA /* simpleLoginHackathonUITests.xctest */ = {isa = PBXFileReference; explicitFileType = wrapper.cfbundle; includeInIndex = 0; path = simpleLoginHackathonUITests.xctest; sourceTree = BUILT_PRODUCTS_DIR; };
		B3F8CB812AA2E75F00170FBA /* simpleLoginHackathonUITests.swift */ = {isa = PBXFileReference; lastKnownFileType = sourcecode.swift; path = simpleLoginHackathonUITests.swift; sourceTree = "<group>"; };
		B3F8CB832AA2E75F00170FBA /* simpleLoginHackathonUITestsLaunchTests.swift */ = {isa = PBXFileReference; lastKnownFileType = sourcecode.swift; path = simpleLoginHackathonUITestsLaunchTests.swift; sourceTree = "<group>"; };
		B3F8CB902AA2E92D00170FBA /* GoogleService-Info.plist */ = {isa = PBXFileReference; fileEncoding = 4; lastKnownFileType = text.plist.xml; path = "GoogleService-Info.plist"; sourceTree = "<group>"; };
		B3F8CB9D2AA2ED7700170FBA /* LoginView.swift */ = {isa = PBXFileReference; lastKnownFileType = sourcecode.swift; path = LoginView.swift; sourceTree = "<group>"; };
		B3F8CB9F2AA2EDB400170FBA /* LoginViewViewModel.swift */ = {isa = PBXFileReference; lastKnownFileType = sourcecode.swift; path = LoginViewViewModel.swift; sourceTree = "<group>"; };
		B3F8CBA12AA2EDE100170FBA /* HeaderView.swift */ = {isa = PBXFileReference; lastKnownFileType = sourcecode.swift; path = HeaderView.swift; sourceTree = "<group>"; };
		B3F8CBA32AA2EE0800170FBA /* TDLButton.swift */ = {isa = PBXFileReference; lastKnownFileType = sourcecode.swift; path = TDLButton.swift; sourceTree = "<group>"; };
		B3F8CBA52AA2EE3700170FBA /* RegisterView.swift */ = {isa = PBXFileReference; lastKnownFileType = sourcecode.swift; path = RegisterView.swift; sourceTree = "<group>"; };
		B3F8CBA72AA2EEAA00170FBA /* RegisterViewViewModel.swift */ = {isa = PBXFileReference; lastKnownFileType = sourcecode.swift; path = RegisterViewViewModel.swift; sourceTree = "<group>"; };
		B3F8CBA92AA2EF7600170FBA /* ExtensionForFireBase.swift */ = {isa = PBXFileReference; lastKnownFileType = sourcecode.swift; path = ExtensionForFireBase.swift; sourceTree = "<group>"; };
		B3F8CBAB2AA2EF9900170FBA /* User.swift */ = {isa = PBXFileReference; lastKnownFileType = sourcecode.swift; path = User.swift; sourceTree = "<group>"; };
		B3F8CBB32AA2F7B100170FBA /* pin-gradient-logo-colorful_361591-1609.jpg.avif */ = {isa = PBXFileReference; lastKnownFileType = file; path = "pin-gradient-logo-colorful_361591-1609.jpg.avif"; sourceTree = "<group>"; };
/* End PBXFileReference section */

/* Begin PBXFrameworksBuildPhase section */
		B3F8CB602AA2E75D00170FBA /* Frameworks */ = {
			isa = PBXFrameworksBuildPhase;
			buildActionMask = 2147483647;
			files = (
				B3F8CB9C2AA2EAE100170FBA /* FirebaseFirestoreSwift in Frameworks */,
				B3F8CB982AA2EAE100170FBA /* FirebaseDatabase in Frameworks */,
				B3F8CB9A2AA2EAE100170FBA /* FirebaseFirestore in Frameworks */,
				B3F8CB942AA2EAE100170FBA /* FirebaseAnalytics in Frameworks */,
				B3F8CB962AA2EAE100170FBA /* FirebaseAuth in Frameworks */,
			);
			runOnlyForDeploymentPostprocessing = 0;
		};
		B3F8CB702AA2E75F00170FBA /* Frameworks */ = {
			isa = PBXFrameworksBuildPhase;
			buildActionMask = 2147483647;
			files = (
			);
			runOnlyForDeploymentPostprocessing = 0;
		};
		B3F8CB7A2AA2E75F00170FBA /* Frameworks */ = {
			isa = PBXFrameworksBuildPhase;
			buildActionMask = 2147483647;
			files = (
			);
			runOnlyForDeploymentPostprocessing = 0;
		};
/* End PBXFrameworksBuildPhase section */

/* Begin PBXGroup section */
		B3F8CB5A2AA2E75D00170FBA = {
			isa = PBXGroup;
			children = (
				B3F8CB652AA2E75D00170FBA /* simpleLoginHackathon */,
				B3F8CB762AA2E75F00170FBA /* simpleLoginHackathonTests */,
				B3F8CB802AA2E75F00170FBA /* simpleLoginHackathonUITests */,
				B3F8CB642AA2E75D00170FBA /* Products */,
			);
			sourceTree = "<group>";
		};
		B3F8CB642AA2E75D00170FBA /* Products */ = {
			isa = PBXGroup;
			children = (
				B3F8CB632AA2E75D00170FBA /* simpleLoginHackathon.app */,
				B3F8CB732AA2E75F00170FBA /* simpleLoginHackathonTests.xctest */,
				B3F8CB7D2AA2E75F00170FBA /* simpleLoginHackathonUITests.xctest */,
			);
			name = Products;
			sourceTree = "<group>";
		};
		B3F8CB652AA2E75D00170FBA /* simpleLoginHackathon */ = {
			isa = PBXGroup;
			children = (
				B3F8CB902AA2E92D00170FBA /* GoogleService-Info.plist */,
				B3F8CB662AA2E75D00170FBA /* simpleLoginHackathonApp.swift */,
				B3F8CBA92AA2EF7600170FBA /* ExtensionForFireBase.swift */,
				B322B2462AA31AEC00B66DC9 /* MainViewViewModel.swift */,
				B322B24A2AA31BFB00B66DC9 /* CourseViewViewModel.swift */,
				B3F8CBA72AA2EEAA00170FBA /* RegisterViewViewModel.swift */,
				B3F8CB9F2AA2EDB400170FBA /* LoginViewViewModel.swift */,
				B3F8CB9D2AA2ED7700170FBA /* LoginView.swift */,
				B322B2482AA31B5B00B66DC9 /* CourseView.swift */,
				B322B24C2AA320E100B66DC9 /* LogoutViewModel.swift */,
				B3F8CBAB2AA2EF9900170FBA /* User.swift */,
				B3F8CBA12AA2EDE100170FBA /* HeaderView.swift */,
				B3F8CBA52AA2EE3700170FBA /* RegisterView.swift */,
				B3F8CBA32AA2EE0800170FBA /* TDLButton.swift */,
				B3F8CB682AA2E75D00170FBA /* MainView.swift */,
				B3F8CB6A2AA2E75F00170FBA /* Assets.xcassets */,
				B3F8CBB32AA2F7B100170FBA /* pin-gradient-logo-colorful_361591-1609.jpg.avif */,
				B3F8CB6C2AA2E75F00170FBA /* Preview Content */,
			);
			path = simpleLoginHackathon;
			sourceTree = "<group>";
		};
		B3F8CB6C2AA2E75F00170FBA /* Preview Content */ = {
			isa = PBXGroup;
			children = (
				B3F8CB6D2AA2E75F00170FBA /* Preview Assets.xcassets */,
			);
			path = "Preview Content";
			sourceTree = "<group>";
		};
		B3F8CB762AA2E75F00170FBA /* simpleLoginHackathonTests */ = {
			isa = PBXGroup;
			children = (
				B3F8CB772AA2E75F00170FBA /* simpleLoginHackathonTests.swift */,
			);
			path = simpleLoginHackathonTests;
			sourceTree = "<group>";
		};
		B3F8CB802AA2E75F00170FBA /* simpleLoginHackathonUITests */ = {
			isa = PBXGroup;
			children = (
				B3F8CB812AA2E75F00170FBA /* simpleLoginHackathonUITests.swift */,
				B3F8CB832AA2E75F00170FBA /* simpleLoginHackathonUITestsLaunchTests.swift */,
			);
			path = simpleLoginHackathonUITests;
			sourceTree = "<group>";
		};
/* End PBXGroup section */

/* Begin PBXNativeTarget section */
		B3F8CB622AA2E75D00170FBA /* simpleLoginHackathon */ = {
			isa = PBXNativeTarget;
			buildConfigurationList = B3F8CB872AA2E75F00170FBA /* Build configuration list for PBXNativeTarget "simpleLoginHackathon" */;
			buildPhases = (
				B3F8CB5F2AA2E75D00170FBA /* Sources */,
				B3F8CB602AA2E75D00170FBA /* Frameworks */,
				B3F8CB612AA2E75D00170FBA /* Resources */,
			);
			buildRules = (
			);
			dependencies = (
			);
			name = simpleLoginHackathon;
			packageProductDependencies = (
				B3F8CB932AA2EAE100170FBA /* FirebaseAnalytics */,
				B3F8CB952AA2EAE100170FBA /* FirebaseAuth */,
				B3F8CB972AA2EAE100170FBA /* FirebaseDatabase */,
				B3F8CB992AA2EAE100170FBA /* FirebaseFirestore */,
				B3F8CB9B2AA2EAE100170FBA /* FirebaseFirestoreSwift */,
			);
			productName = simpleLoginHackathon;
			productReference = B3F8CB632AA2E75D00170FBA /* simpleLoginHackathon.app */;
			productType = "com.apple.product-type.application";
		};
		B3F8CB722AA2E75F00170FBA /* simpleLoginHackathonTests */ = {
			isa = PBXNativeTarget;
			buildConfigurationList = B3F8CB8A2AA2E75F00170FBA /* Build configuration list for PBXNativeTarget "simpleLoginHackathonTests" */;
			buildPhases = (
				B3F8CB6F2AA2E75F00170FBA /* Sources */,
				B3F8CB702AA2E75F00170FBA /* Frameworks */,
				B3F8CB712AA2E75F00170FBA /* Resources */,
			);
			buildRules = (
			);
			dependencies = (
				B3F8CB752AA2E75F00170FBA /* PBXTargetDependency */,
			);
			name = simpleLoginHackathonTests;
			productName = simpleLoginHackathonTests;
			productReference = B3F8CB732AA2E75F00170FBA /* simpleLoginHackathonTests.xctest */;
			productType = "com.apple.product-type.bundle.unit-test";
		};
		B3F8CB7C2AA2E75F00170FBA /* simpleLoginHackathonUITests */ = {
			isa = PBXNativeTarget;
			buildConfigurationList = B3F8CB8D2AA2E75F00170FBA /* Build configuration list for PBXNativeTarget "simpleLoginHackathonUITests" */;
			buildPhases = (
				B3F8CB792AA2E75F00170FBA /* Sources */,
				B3F8CB7A2AA2E75F00170FBA /* Frameworks */,
				B3F8CB7B2AA2E75F00170FBA /* Resources */,
			);
			buildRules = (
			);
			dependencies = (
				B3F8CB7F2AA2E75F00170FBA /* PBXTargetDependency */,
			);
			name = simpleLoginHackathonUITests;
			productName = simpleLoginHackathonUITests;
			productReference = B3F8CB7D2AA2E75F00170FBA /* simpleLoginHackathonUITests.xctest */;
			productType = "com.apple.product-type.bundle.ui-testing";
		};
/* End PBXNativeTarget section */

/* Begin PBXProject section */
		B3F8CB5B2AA2E75D00170FBA /* Project object */ = {
			isa = PBXProject;
			attributes = {
				BuildIndependentTargetsInParallel = 1;
				LastSwiftUpdateCheck = 1430;
				LastUpgradeCheck = 1430;
				TargetAttributes = {
					B3F8CB622AA2E75D00170FBA = {
						CreatedOnToolsVersion = 14.3.1;
					};
					B3F8CB722AA2E75F00170FBA = {
						CreatedOnToolsVersion = 14.3.1;
						TestTargetID = B3F8CB622AA2E75D00170FBA;
					};
					B3F8CB7C2AA2E75F00170FBA = {
						CreatedOnToolsVersion = 14.3.1;
						TestTargetID = B3F8CB622AA2E75D00170FBA;
					};
				};
			};
			buildConfigurationList = B3F8CB5E2AA2E75D00170FBA /* Build configuration list for PBXProject "simpleLoginHackathon" */;
			compatibilityVersion = "Xcode 14.0";
			developmentRegion = en;
			hasScannedForEncodings = 0;
			knownRegions = (
				en,
				Base,
			);
			mainGroup = B3F8CB5A2AA2E75D00170FBA;
			packageReferences = (
				B3F8CB922AA2EAE100170FBA /* XCRemoteSwiftPackageReference "firebase-ios-sdk" */,
			);
			productRefGroup = B3F8CB642AA2E75D00170FBA /* Products */;
			projectDirPath = "";
			projectRoot = "";
			targets = (
				B3F8CB622AA2E75D00170FBA /* simpleLoginHackathon */,
				B3F8CB722AA2E75F00170FBA /* simpleLoginHackathonTests */,
				B3F8CB7C2AA2E75F00170FBA /* simpleLoginHackathonUITests */,
			);
		};
/* End PBXProject section */

/* Begin PBXResourcesBuildPhase section */
		B3F8CB612AA2E75D00170FBA /* Resources */ = {
			isa = PBXResourcesBuildPhase;
			buildActionMask = 2147483647;
			files = (
				B3F8CB6E2AA2E75F00170FBA /* Preview Assets.xcassets in Resources */,
				B3F8CB6B2AA2E75F00170FBA /* Assets.xcassets in Resources */,
				B3F8CB912AA2E92D00170FBA /* GoogleService-Info.plist in Resources */,
			);
			runOnlyForDeploymentPostprocessing = 0;
		};
		B3F8CB712AA2E75F00170FBA /* Resources */ = {
			isa = PBXResourcesBuildPhase;
			buildActionMask = 2147483647;
			files = (
			);
			runOnlyForDeploymentPostprocessing = 0;
		};
		B3F8CB7B2AA2E75F00170FBA /* Resources */ = {
			isa = PBXResourcesBuildPhase;
			buildActionMask = 2147483647;
			files = (
			);
			runOnlyForDeploymentPostprocessing = 0;
		};
/* End PBXResourcesBuildPhase section */

/* Begin PBXSourcesBuildPhase section */
		B3F8CB5F2AA2E75D00170FBA /* Sources */ = {
			isa = PBXSourcesBuildPhase;
			buildActionMask = 2147483647;
			files = (
				B3F8CBA22AA2EDE100170FBA /* HeaderView.swift in Sources */,
				B3F8CB9E2AA2ED7700170FBA /* LoginView.swift in Sources */,
				B322B24D2AA320E100B66DC9 /* LogoutViewModel.swift in Sources */,
				B3F8CBA82AA2EEAA00170FBA /* RegisterViewViewModel.swift in Sources */,
				B3F8CB692AA2E75D00170FBA /* MainView.swift in Sources */,
				B3F8CBA62AA2EE3700170FBA /* RegisterView.swift in Sources */,
				B3F8CB672AA2E75D00170FBA /* simpleLoginHackathonApp.swift in Sources */,
				B322B24B2AA31BFB00B66DC9 /* CourseViewViewModel.swift in Sources */,
				B3F8CBA42AA2EE0800170FBA /* TDLButton.swift in Sources */,
				B3F8CBA02AA2EDB400170FBA /* LoginViewViewModel.swift in Sources */,
				B322B2472AA31AEC00B66DC9 /* MainViewViewModel.swift in Sources */,
				B3F8CBAC2AA2EF9900170FBA /* User.swift in Sources */,
				B3F8CBAA2AA2EF7600170FBA /* ExtensionForFireBase.swift in Sources */,
				B322B2492AA31B5B00B66DC9 /* CourseView.swift in Sources */,
			);
			runOnlyForDeploymentPostprocessing = 0;
		};
		B3F8CB6F2AA2E75F00170FBA /* Sources */ = {
			isa = PBXSourcesBuildPhase;
			buildActionMask = 2147483647;
			files = (
				B3F8CB782AA2E75F00170FBA /* simpleLoginHackathonTests.swift in Sources */,
			);
			runOnlyForDeploymentPostprocessing = 0;
		};
		B3F8CB792AA2E75F00170FBA /* Sources */ = {
			isa = PBXSourcesBuildPhase;
			buildActionMask = 2147483647;
			files = (
				B3F8CB842AA2E75F00170FBA /* simpleLoginHackathonUITestsLaunchTests.swift in Sources */,
				B3F8CB822AA2E75F00170FBA /* simpleLoginHackathonUITests.swift in Sources */,
			);
			runOnlyForDeploymentPostprocessing = 0;
		};
/* End PBXSourcesBuildPhase section */

/* Begin PBXTargetDependency section */
		B3F8CB752AA2E75F00170FBA /* PBXTargetDependency */ = {
			isa = PBXTargetDependency;
			target = B3F8CB622AA2E75D00170FBA /* simpleLoginHackathon */;
			targetProxy = B3F8CB742AA2E75F00170FBA /* PBXContainerItemProxy */;
		};
		B3F8CB7F2AA2E75F00170FBA /* PBXTargetDependency */ = {
			isa = PBXTargetDependency;
			target = B3F8CB622AA2E75D00170FBA /* simpleLoginHackathon */;
			targetProxy = B3F8CB7E2AA2E75F00170FBA /* PBXContainerItemProxy */;
		};
/* End PBXTargetDependency section */

/* Begin XCBuildConfiguration section */
		B3F8CB852AA2E75F00170FBA /* Debug */ = {
			isa = XCBuildConfiguration;
			buildSettings = {
				ALWAYS_SEARCH_USER_PATHS = NO;
				CLANG_ANALYZER_NONNULL = YES;
				CLANG_ANALYZER_NUMBER_OBJECT_CONVERSION = YES_AGGRESSIVE;
				CLANG_CXX_LANGUAGE_STANDARD = "gnu++20";
				CLANG_ENABLE_MODULES = YES;
				CLANG_ENABLE_OBJC_ARC = YES;
				CLANG_ENABLE_OBJC_WEAK = YES;
				CLANG_WARN_BLOCK_CAPTURE_AUTORELEASING = YES;
				CLANG_WARN_BOOL_CONVERSION = YES;
				CLANG_WARN_COMMA = YES;
				CLANG_WARN_CONSTANT_CONVERSION = YES;
				CLANG_WARN_DEPRECATED_OBJC_IMPLEMENTATIONS = YES;
				CLANG_WARN_DIRECT_OBJC_ISA_USAGE = YES_ERROR;
				CLANG_WARN_DOCUMENTATION_COMMENTS = YES;
				CLANG_WARN_EMPTY_BODY = YES;
				CLANG_WARN_ENUM_CONVERSION = YES;
				CLANG_WARN_INFINITE_RECURSION = YES;
				CLANG_WARN_INT_CONVERSION = YES;
				CLANG_WARN_NON_LITERAL_NULL_CONVERSION = YES;
				CLANG_WARN_OBJC_IMPLICIT_RETAIN_SELF = YES;
				CLANG_WARN_OBJC_LITERAL_CONVERSION = YES;
				CLANG_WARN_OBJC_ROOT_CLASS = YES_ERROR;
				CLANG_WARN_QUOTED_INCLUDE_IN_FRAMEWORK_HEADER = YES;
				CLANG_WARN_RANGE_LOOP_ANALYSIS = YES;
				CLANG_WARN_STRICT_PROTOTYPES = YES;
				CLANG_WARN_SUSPICIOUS_MOVE = YES;
				CLANG_WARN_UNGUARDED_AVAILABILITY = YES_AGGRESSIVE;
				CLANG_WARN_UNREACHABLE_CODE = YES;
				CLANG_WARN__DUPLICATE_METHOD_MATCH = YES;
				COPY_PHASE_STRIP = NO;
				DEBUG_INFORMATION_FORMAT = dwarf;
				ENABLE_STRICT_OBJC_MSGSEND = YES;
				ENABLE_TESTABILITY = YES;
				GCC_C_LANGUAGE_STANDARD = gnu11;
				GCC_DYNAMIC_NO_PIC = NO;
				GCC_NO_COMMON_BLOCKS = YES;
				GCC_OPTIMIZATION_LEVEL = 0;
				GCC_PREPROCESSOR_DEFINITIONS = (
					"DEBUG=1",
					"$(inherited)",
				);
				GCC_WARN_64_TO_32_BIT_CONVERSION = YES;
				GCC_WARN_ABOUT_RETURN_TYPE = YES_ERROR;
				GCC_WARN_UNDECLARED_SELECTOR = YES;
				GCC_WARN_UNINITIALIZED_AUTOS = YES_AGGRESSIVE;
				GCC_WARN_UNUSED_FUNCTION = YES;
				GCC_WARN_UNUSED_VARIABLE = YES;
				IPHONEOS_DEPLOYMENT_TARGET = 16.4;
				MTL_ENABLE_DEBUG_INFO = INCLUDE_SOURCE;
				MTL_FAST_MATH = YES;
				ONLY_ACTIVE_ARCH = YES;
				SDKROOT = iphoneos;
				SWIFT_ACTIVE_COMPILATION_CONDITIONS = DEBUG;
				SWIFT_OPTIMIZATION_LEVEL = "-Onone";
			};
			name = Debug;
		};
		B3F8CB862AA2E75F00170FBA /* Release */ = {
			isa = XCBuildConfiguration;
			buildSettings = {
				ALWAYS_SEARCH_USER_PATHS = NO;
				CLANG_ANALYZER_NONNULL = YES;
				CLANG_ANALYZER_NUMBER_OBJECT_CONVERSION = YES_AGGRESSIVE;
				CLANG_CXX_LANGUAGE_STANDARD = "gnu++20";
				CLANG_ENABLE_MODULES = YES;
				CLANG_ENABLE_OBJC_ARC = YES;
				CLANG_ENABLE_OBJC_WEAK = YES;
				CLANG_WARN_BLOCK_CAPTURE_AUTORELEASING = YES;
				CLANG_WARN_BOOL_CONVERSION = YES;
				CLANG_WARN_COMMA = YES;
				CLANG_WARN_CONSTANT_CONVERSION = YES;
				CLANG_WARN_DEPRECATED_OBJC_IMPLEMENTATIONS = YES;
				CLANG_WARN_DIRECT_OBJC_ISA_USAGE = YES_ERROR;
				CLANG_WARN_DOCUMENTATION_COMMENTS = YES;
				CLANG_WARN_EMPTY_BODY = YES;
				CLANG_WARN_ENUM_CONVERSION = YES;
				CLANG_WARN_INFINITE_RECURSION = YES;
				CLANG_WARN_INT_CONVERSION = YES;
				CLANG_WARN_NON_LITERAL_NULL_CONVERSION = YES;
				CLANG_WARN_OBJC_IMPLICIT_RETAIN_SELF = YES;
				CLANG_WARN_OBJC_LITERAL_CONVERSION = YES;
				CLANG_WARN_OBJC_ROOT_CLASS = YES_ERROR;
				CLANG_WARN_QUOTED_INCLUDE_IN_FRAMEWORK_HEADER = YES;
				CLANG_WARN_RANGE_LOOP_ANALYSIS = YES;
				CLANG_WARN_STRICT_PROTOTYPES = YES;
				CLANG_WARN_SUSPICIOUS_MOVE = YES;
				CLANG_WARN_UNGUARDED_AVAILABILITY = YES_AGGRESSIVE;
				CLANG_WARN_UNREACHABLE_CODE = YES;
				CLANG_WARN__DUPLICATE_METHOD_MATCH = YES;
				COPY_PHASE_STRIP = NO;
				DEBUG_INFORMATION_FORMAT = "dwarf-with-dsym";
				ENABLE_NS_ASSERTIONS = NO;
				ENABLE_STRICT_OBJC_MSGSEND = YES;
				GCC_C_LANGUAGE_STANDARD = gnu11;
				GCC_NO_COMMON_BLOCKS = YES;
				GCC_WARN_64_TO_32_BIT_CONVERSION = YES;
				GCC_WARN_ABOUT_RETURN_TYPE = YES_ERROR;
				GCC_WARN_UNDECLARED_SELECTOR = YES;
				GCC_WARN_UNINITIALIZED_AUTOS = YES_AGGRESSIVE;
				GCC_WARN_UNUSED_FUNCTION = YES;
				GCC_WARN_UNUSED_VARIABLE = YES;
				IPHONEOS_DEPLOYMENT_TARGET = 16.4;
				MTL_ENABLE_DEBUG_INFO = NO;
				MTL_FAST_MATH = YES;
				SDKROOT = iphoneos;
				SWIFT_COMPILATION_MODE = wholemodule;
				SWIFT_OPTIMIZATION_LEVEL = "-O";
				VALIDATE_PRODUCT = YES;
			};
			name = Release;
		};
		B3F8CB882AA2E75F00170FBA /* Debug */ = {
			isa = XCBuildConfiguration;
			buildSettings = {
				ASSETCATALOG_COMPILER_APPICON_NAME = AppIcon;
				ASSETCATALOG_COMPILER_GLOBAL_ACCENT_COLOR_NAME = AccentColor;
				CODE_SIGN_STYLE = Automatic;
				CURRENT_PROJECT_VERSION = 1;
				DEVELOPMENT_ASSET_PATHS = "\"simpleLoginHackathon/Preview Content\"";
				ENABLE_PREVIEWS = YES;
				GENERATE_INFOPLIST_FILE = YES;
				INFOPLIST_KEY_CFBundleDisplayName = "App Name";
				INFOPLIST_KEY_UIApplicationSceneManifest_Generation = YES;
				INFOPLIST_KEY_UIApplicationSupportsIndirectInputEvents = YES;
				INFOPLIST_KEY_UILaunchScreen_Generation = YES;
				INFOPLIST_KEY_UISupportedInterfaceOrientations = "UIInterfaceOrientationLandscapeLeft UIInterfaceOrientationLandscapeRight UIInterfaceOrientationPortrait";
				INFOPLIST_KEY_UISupportedInterfaceOrientations_iPad = UIInterfaceOrientationPortrait;
				LD_RUNPATH_SEARCH_PATHS = (
					"$(inherited)",
					"@executable_path/Frameworks",
				);
				MARKETING_VERSION = 1.0;
				PRODUCT_BUNDLE_IDENTIFIER = "TDH-lab.simpleLoginHackathon";
				PRODUCT_NAME = "$(TARGET_NAME)";
				SWIFT_EMIT_LOC_STRINGS = YES;
				SWIFT_VERSION = 5.0;
				TARGETED_DEVICE_FAMILY = "1,2";
			};
			name = Debug;
		};
		B3F8CB892AA2E75F00170FBA /* Release */ = {
			isa = XCBuildConfiguration;
			buildSettings = {
				ASSETCATALOG_COMPILER_APPICON_NAME = AppIcon;
				ASSETCATALOG_COMPILER_GLOBAL_ACCENT_COLOR_NAME = AccentColor;
				CODE_SIGN_STYLE = Automatic;
				CURRENT_PROJECT_VERSION = 1;
				DEVELOPMENT_ASSET_PATHS = "\"simpleLoginHackathon/Preview Content\"";
				ENABLE_PREVIEWS = YES;
				GENERATE_INFOPLIST_FILE = YES;
				INFOPLIST_KEY_CFBundleDisplayName = "App Name";
				INFOPLIST_KEY_UIApplicationSceneManifest_Generation = YES;
				INFOPLIST_KEY_UIApplicationSupportsIndirectInputEvents = YES;
				INFOPLIST_KEY_UILaunchScreen_Generation = YES;
				INFOPLIST_KEY_UISupportedInterfaceOrientations = "UIInterfaceOrientationLandscapeLeft UIInterfaceOrientationLandscapeRight UIInterfaceOrientationPortrait";
				INFOPLIST_KEY_UISupportedInterfaceOrientations_iPad = UIInterfaceOrientationPortrait;
				LD_RUNPATH_SEARCH_PATHS = (
					"$(inherited)",
					"@executable_path/Frameworks",
				);
				MARKETING_VERSION = 1.0;
				PRODUCT_BUNDLE_IDENTIFIER = "TDH-lab.simpleLoginHackathon";
				PRODUCT_NAME = "$(TARGET_NAME)";
				SWIFT_EMIT_LOC_STRINGS = YES;
				SWIFT_VERSION = 5.0;
				TARGETED_DEVICE_FAMILY = "1,2";
			};
			name = Release;
		};
		B3F8CB8B2AA2E75F00170FBA /* Debug */ = {
			isa = XCBuildConfiguration;
			buildSettings = {
				ALWAYS_EMBED_SWIFT_STANDARD_LIBRARIES = YES;
				BUNDLE_LOADER = "$(TEST_HOST)";
				CODE_SIGN_STYLE = Automatic;
				CURRENT_PROJECT_VERSION = 1;
				GENERATE_INFOPLIST_FILE = YES;
				IPHONEOS_DEPLOYMENT_TARGET = 16.4;
				MARKETING_VERSION = 1.0;
				PRODUCT_BUNDLE_IDENTIFIER = "TDH-lab.simpleLoginHackathonTests";
				PRODUCT_NAME = "$(TARGET_NAME)";
				SWIFT_EMIT_LOC_STRINGS = NO;
				SWIFT_VERSION = 5.0;
				TARGETED_DEVICE_FAMILY = "1,2";
				TEST_HOST = "$(BUILT_PRODUCTS_DIR)/simpleLoginHackathon.app/$(BUNDLE_EXECUTABLE_FOLDER_PATH)/simpleLoginHackathon";
			};
			name = Debug;
		};
		B3F8CB8C2AA2E75F00170FBA /* Release */ = {
			isa = XCBuildConfiguration;
			buildSettings = {
				ALWAYS_EMBED_SWIFT_STANDARD_LIBRARIES = YES;
				BUNDLE_LOADER = "$(TEST_HOST)";
				CODE_SIGN_STYLE = Automatic;
				CURRENT_PROJECT_VERSION = 1;
				GENERATE_INFOPLIST_FILE = YES;
				IPHONEOS_DEPLOYMENT_TARGET = 16.4;
				MARKETING_VERSION = 1.0;
				PRODUCT_BUNDLE_IDENTIFIER = "TDH-lab.simpleLoginHackathonTests";
				PRODUCT_NAME = "$(TARGET_NAME)";
				SWIFT_EMIT_LOC_STRINGS = NO;
				SWIFT_VERSION = 5.0;
				TARGETED_DEVICE_FAMILY = "1,2";
				TEST_HOST = "$(BUILT_PRODUCTS_DIR)/simpleLoginHackathon.app/$(BUNDLE_EXECUTABLE_FOLDER_PATH)/simpleLoginHackathon";
			};
			name = Release;
		};
		B3F8CB8E2AA2E75F00170FBA /* Debug */ = {
			isa = XCBuildConfiguration;
			buildSettings = {
				ALWAYS_EMBED_SWIFT_STANDARD_LIBRARIES = YES;
				CODE_SIGN_STYLE = Automatic;
				CURRENT_PROJECT_VERSION = 1;
				GENERATE_INFOPLIST_FILE = YES;
				MARKETING_VERSION = 1.0;
				PRODUCT_BUNDLE_IDENTIFIER = "TDH-lab.simpleLoginHackathonUITests";
				PRODUCT_NAME = "$(TARGET_NAME)";
				SWIFT_EMIT_LOC_STRINGS = NO;
				SWIFT_VERSION = 5.0;
				TARGETED_DEVICE_FAMILY = "1,2";
				TEST_TARGET_NAME = simpleLoginHackathon;
			};
			name = Debug;
		};
		B3F8CB8F2AA2E75F00170FBA /* Release */ = {
			isa = XCBuildConfiguration;
			buildSettings = {
				ALWAYS_EMBED_SWIFT_STANDARD_LIBRARIES = YES;
				CODE_SIGN_STYLE = Automatic;
				CURRENT_PROJECT_VERSION = 1;
				GENERATE_INFOPLIST_FILE = YES;
				MARKETING_VERSION = 1.0;
				PRODUCT_BUNDLE_IDENTIFIER = "TDH-lab.simpleLoginHackathonUITests";
				PRODUCT_NAME = "$(TARGET_NAME)";
				SWIFT_EMIT_LOC_STRINGS = NO;
				SWIFT_VERSION = 5.0;
				TARGETED_DEVICE_FAMILY = "1,2";
				TEST_TARGET_NAME = simpleLoginHackathon;
			};
			name = Release;
		};
/* End XCBuildConfiguration section */

/* Begin XCConfigurationList section */
		B3F8CB5E2AA2E75D00170FBA /* Build configuration list for PBXProject "simpleLoginHackathon" */ = {
			isa = XCConfigurationList;
			buildConfigurations = (
				B3F8CB852AA2E75F00170FBA /* Debug */,
				B3F8CB862AA2E75F00170FBA /* Release */,
			);
			defaultConfigurationIsVisible = 0;
			defaultConfigurationName = Release;
		};
		B3F8CB872AA2E75F00170FBA /* Build configuration list for PBXNativeTarget "simpleLoginHackathon" */ = {
			isa = XCConfigurationList;
			buildConfigurations = (
				B3F8CB882AA2E75F00170FBA /* Debug */,
				B3F8CB892AA2E75F00170FBA /* Release */,
			);
			defaultConfigurationIsVisible = 0;
			defaultConfigurationName = Release;
		};
		B3F8CB8A2AA2E75F00170FBA /* Build configuration list for PBXNativeTarget "simpleLoginHackathonTests" */ = {
			isa = XCConfigurationList;
			buildConfigurations = (
				B3F8CB8B2AA2E75F00170FBA /* Debug */,
				B3F8CB8C2AA2E75F00170FBA /* Release */,
			);
			defaultConfigurationIsVisible = 0;
			defaultConfigurationName = Release;
		};
		B3F8CB8D2AA2E75F00170FBA /* Build configuration list for PBXNativeTarget "simpleLoginHackathonUITests" */ = {
			isa = XCConfigurationList;
			buildConfigurations = (
				B3F8CB8E2AA2E75F00170FBA /* Debug */,
				B3F8CB8F2AA2E75F00170FBA /* Release */,
			);
			defaultConfigurationIsVisible = 0;
			defaultConfigurationName = Release;
		};
/* End XCConfigurationList section */

/* Begin XCRemoteSwiftPackageReference section */
		B3F8CB922AA2EAE100170FBA /* XCRemoteSwiftPackageReference "firebase-ios-sdk" */ = {
			isa = XCRemoteSwiftPackageReference;
			repositoryURL = "https://github.com/firebase/firebase-ios-sdk";
			requirement = {
				kind = upToNextMajorVersion;
				minimumVersion = 10.0.0;
			};
		};
/* End XCRemoteSwiftPackageReference section */

/* Begin XCSwiftPackageProductDependency section */
		B3F8CB932AA2EAE100170FBA /* FirebaseAnalytics */ = {
			isa = XCSwiftPackageProductDependency;
			package = B3F8CB922AA2EAE100170FBA /* XCRemoteSwiftPackageReference "firebase-ios-sdk" */;
			productName = FirebaseAnalytics;
		};
		B3F8CB952AA2EAE100170FBA /* FirebaseAuth */ = {
			isa = XCSwiftPackageProductDependency;
			package = B3F8CB922AA2EAE100170FBA /* XCRemoteSwiftPackageReference "firebase-ios-sdk" */;
			productName = FirebaseAuth;
		};
		B3F8CB972AA2EAE100170FBA /* FirebaseDatabase */ = {
			isa = XCSwiftPackageProductDependency;
			package = B3F8CB922AA2EAE100170FBA /* XCRemoteSwiftPackageReference "firebase-ios-sdk" */;
			productName = FirebaseDatabase;
		};
		B3F8CB992AA2EAE100170FBA /* FirebaseFirestore */ = {
			isa = XCSwiftPackageProductDependency;
			package = B3F8CB922AA2EAE100170FBA /* XCRemoteSwiftPackageReference "firebase-ios-sdk" */;
			productName = FirebaseFirestore;
		};
		B3F8CB9B2AA2EAE100170FBA /* FirebaseFirestoreSwift */ = {
			isa = XCSwiftPackageProductDependency;
			package = B3F8CB922AA2EAE100170FBA /* XCRemoteSwiftPackageReference "firebase-ios-sdk" */;
			productName = FirebaseFirestoreSwift;
		};
/* End XCSwiftPackageProductDependency section */
	};
	rootObject = B3F8CB5B2AA2E75D00170FBA /* Project object */;
}
